
Microsoft Visual Studio Solution File, Format Version 12.00
# Visual Studio Version 16
VisualStudioVersion = 16.0.30804.86
MinimumVisualStudioVersion = 10.0.40219.1
Project("{FAE04EC0-301F-11D3-BF4B-00C04F79EFBC}") = "Sapphire", "Sapphire\Sapphire.csproj", "{27892365-F92C-45F4-872A-C1C243F208BE}"
EndProject
Global
	GlobalSection(SolutionConfigurationPlatforms) = preSolution
		Debug|Any CPU = Debug|Any CPU
		Debug|x86 = Debug|x86
		Release|Any CPU = Release|Any CPU
		Release|x86 = Release|x86
	EndGlobalSection
	GlobalSection(ProjectConfigurationPlatforms) = postSolution
		{27892365-F92C-45F4-872A-C1C243F208BE}.Debug|Any CPU.ActiveCfg = Debug|Any CPU
		{27892365-F92C-45F4-872A-C1C243F208BE}.Debug|Any CPU.Build.0 = Debug|Any CPU
		{27892365-F92C-45F4-872A-C1C243F208BE}.Debug|x86.ActiveCfg = Debug|Any CPU
		{27892365-F92C-45F4-872A-C1C243F208BE}.Debug|x86.Build.0 = Debug|Any CPU
		{27892365-F92C-45F4-872A-C1C243F208BE}.Release|Any CPU.ActiveCfg = Release|Any CPU
		{27892365-F92C-45F4-872A-C1C243F208BE}.Release|Any CPU.Build.0 = Release|Any CPU
		{27892365-F92C-45F4-872A-C1C243F208BE}.Release|x86.ActiveCfg = Release|Any CPU
		{27892365-F92C-45F4-872A-C1C243F208BE}.Release|x86.Build.0 = Release|Any CPU
	EndGlobalSection
	GlobalSection(SolutionProperties) = preSolution
		HideSolutionNode = FALSE
	EndGlobalSection
	GlobalSection(ExtensibilityGlobals) = postSolution
		SolutionGuid = {2E7075E2-3A34-4B81-A604-78FFC2B52580}
	EndGlobalSection
EndGlobal
